# generated by rye
# use `rye lock` or `rye sync` to update this lockfile
#
# last locked with the following flags:
#   pre: false
#   features: []
#   all-features: false
#   with-sources: false

-e file:.
appdirs==1.4.4
    # via satpy
asciitree==0.3.3
    # via zarr
cartopy==0.24.1
    # via satvis
certifi==2024.2.2
    # via pyogrio
    # via pyproj
    # via requests
charset-normalizer==3.3.2
    # via requests
click==8.1.7
    # via dask
cloudpickle==3.0.0
    # via dask
colorama==0.4.6
    # via click
configobj==5.0.8
    # via pyresample
contourpy==1.3.0
    # via matplotlib
cycler==0.12.1
    # via matplotlib
dask==2024.5.0
    # via satpy
donfig==0.8.1.post0
    # via pyresample
    # via satpy
fasteners==0.19
    # via zarr
fonttools==4.54.1
    # via matplotlib
fsspec==2024.3.1
    # via dask
geopandas==1.0.1
    # via satvis
idna==3.7
    # via requests
importlib-metadata==7.1.0
    # via dask
kiwisolver==1.4.7
    # via matplotlib
locket==1.0.0
    # via partd
matplotlib==3.9.2
    # via cartopy
    # via satvis
numcodecs==0.12.1
    # via zarr
numpy==1.26.4
    # via cartopy
    # via contourpy
    # via dask
    # via geopandas
    # via matplotlib
    # via numcodecs
    # via pandas
    # via pykdtree
    # via pyogrio
    # via pyorbital
    # via pyresample
    # via satpy
    # via scipy
    # via shapely
    # via trollimage
    # via xarray
    # via zarr
packaging==24.0
    # via cartopy
    # via dask
    # via geopandas
    # via matplotlib
    # via pooch
    # via pyogrio
    # via satpy
    # via xarray
pandas==2.2.3
    # via geopandas
    # via satvis
    # via xarray
partd==1.4.2
    # via dask
pillow==10.3.0
    # via matplotlib
    # via satpy
    # via trollimage
platformdirs==4.2.1
    # via pooch
    # via pyresample
pooch==1.8.1
    # via satpy
pykdtree==1.3.12
    # via pyresample
    # via satpy
pyogrio==0.10.0
    # via geopandas
pyorbital==1.8.2
    # via satpy
pyparsing==3.2.0
    # via matplotlib
pyproj==3.6.1
    # via cartopy
    # via geopandas
    # via pyresample
    # via satpy
pyresample==1.28.3
    # via satpy
pyshp==2.3.1
    # via cartopy
python-dateutil==2.9.0.post0
    # via matplotlib
    # via pandas
pytz==2024.1
    # via pandas
pyyaml==6.0.1
    # via dask
    # via donfig
    # via pyresample
    # via satpy
requests==2.31.0
    # via pooch
    # via pyorbital
satpy==0.48.0
    # via satvis
scipy==1.13.0
    # via pyorbital
setuptools==69.5.1
    # via pyresample
shapely==2.0.4
    # via cartopy
    # via geopandas
    # via pyresample
six==1.16.0
    # via configobj
    # via python-dateutil
toolz==0.12.1
    # via dask
    # via partd
trollimage==1.23.2
    # via satpy
trollsift==0.5.1
    # via satpy
tzdata==2024.1
    # via pandas
urllib3==2.2.1
    # via requests
xarray==2024.3.0
    # via satpy
zarr==2.18.0
    # via satpy
zipp==3.18.1
    # via importlib-metadata
